{
  "name": "serialization",
  "lockfileVersion": 3,
  "requires": true,
  "packages": {
    "": {
      "dependencies": {
        "object-byte-converter": "^0.0.6"
      }
    },
    "node_modules/object-byte-converter": {
      "version": "0.0.6",
      "resolved": "https://registry.npmjs.org/object-byte-converter/-/object-byte-converter-0.0.6.tgz",
      "integrity": "sha512-2oIgqx1lJBgZux8JYT/PM6lg249IuysdbMguGqlHJg+ngkwnvn1zwtgbHi4Y/HD410ZCwTrNXoCTOtZaT3a08A=="
    }
  }
}
