{
  "name": "Threading",
  "version": "1.0.0",
  "lockfileVersion": 1,
  "requires": true,
  "dependencies": {
    "async-lock": {
      "version": "1.4.0",
      "resolved": "https://registry.npmjs.org/async-lock/-/async-lock-1.4.0.tgz",
      "integrity": "sha512-coglx5yIWuetakm3/1dsX9hxCNox22h7+V80RQOu2XUUMidtArxKoZoOtHUPuR84SycKTXzgGzAUR5hJxujyJQ=="
    }
  }
}
